
Microsoft Visual Studio Solution File, Format Version 12.00
# Visual Studio Version 17
VisualStudioVersion = 17.3.32901.215
MinimumVisualStudioVersion = 10.0.40219.1
Project("{9A19103F-16F7-4668-BE54-9A1E7A4F7556}") = "EWallet.API", "EWallet.API\EWallet.API.csproj", "{124ADFED-5ED8-4A21-AB76-CEE87B34CD34}"
EndProject
Project("{9A19103F-16F7-4668-BE54-9A1E7A4F7556}") = "EWallet.Domain", "EWallet.Domain\EWallet.Domain.csproj", "{1C8508EA-7C6C-44A0-94E4-53BEE16E30EC}"
EndProject
Project("{2150E333-8FDC-42A3-9474-1A3956D46DE8}") = "Solution Items", "Solution Items", "{1F2DA5A9-D9B9-4BDA-8144-391E4FE57F16}"
	ProjectSection(SolutionItems) = preProject
		.editorconfig = .editorconfig
	EndProjectSection
EndProject
Project("{9A19103F-16F7-4668-BE54-9A1E7A4F7556}") = "EWallet.Database", "EWallet.Database\EWallet.Database.csproj", "{44F3EC30-7186-4D71-B653-6F41CB0CB1B9}"
EndProject
Project("{9A19103F-16F7-4668-BE54-9A1E7A4F7556}") = "EWallet.Common", "EWallet.Common\EWallet.Common.csproj", "{326B8E3E-2AD8-4C69-BD76-CE96E1B5B2D2}"
EndProject
Project("{9A19103F-16F7-4668-BE54-9A1E7A4F7556}") = "EWallet.Services", "EWallet.Services\EWallet.Services.csproj", "{6B0A9C64-50C4-427E-8BA1-C84BABF8CAC7}"
EndProject
Project("{54A90642-561A-4BB1-A94E-469ADEE60C69}") = "ewallet.client", "EWallet.Client\ewallet.client.esproj", "{EEA157A1-0BF0-43CB-B878-105F9D688B91}"
EndProject
Global
	GlobalSection(SolutionConfigurationPlatforms) = preSolution
		Debug|Any CPU = Debug|Any CPU
		Release|Any CPU = Release|Any CPU
	EndGlobalSection
	GlobalSection(ProjectConfigurationPlatforms) = postSolution
		{124ADFED-5ED8-4A21-AB76-CEE87B34CD34}.Debug|Any CPU.ActiveCfg = Debug|Any CPU
		{124ADFED-5ED8-4A21-AB76-CEE87B34CD34}.Debug|Any CPU.Build.0 = Debug|Any CPU
		{124ADFED-5ED8-4A21-AB76-CEE87B34CD34}.Release|Any CPU.ActiveCfg = Release|Any CPU
		{124ADFED-5ED8-4A21-AB76-CEE87B34CD34}.Release|Any CPU.Build.0 = Release|Any CPU
		{1C8508EA-7C6C-44A0-94E4-53BEE16E30EC}.Debug|Any CPU.ActiveCfg = Debug|Any CPU
		{1C8508EA-7C6C-44A0-94E4-53BEE16E30EC}.Debug|Any CPU.Build.0 = Debug|Any CPU
		{1C8508EA-7C6C-44A0-94E4-53BEE16E30EC}.Release|Any CPU.ActiveCfg = Release|Any CPU
		{1C8508EA-7C6C-44A0-94E4-53BEE16E30EC}.Release|Any CPU.Build.0 = Release|Any CPU
		{44F3EC30-7186-4D71-B653-6F41CB0CB1B9}.Debug|Any CPU.ActiveCfg = Debug|Any CPU
		{44F3EC30-7186-4D71-B653-6F41CB0CB1B9}.Debug|Any CPU.Build.0 = Debug|Any CPU
		{44F3EC30-7186-4D71-B653-6F41CB0CB1B9}.Release|Any CPU.ActiveCfg = Release|Any CPU
		{44F3EC30-7186-4D71-B653-6F41CB0CB1B9}.Release|Any CPU.Build.0 = Release|Any CPU
		{326B8E3E-2AD8-4C69-BD76-CE96E1B5B2D2}.Debug|Any CPU.ActiveCfg = Debug|Any CPU
		{326B8E3E-2AD8-4C69-BD76-CE96E1B5B2D2}.Debug|Any CPU.Build.0 = Debug|Any CPU
		{326B8E3E-2AD8-4C69-BD76-CE96E1B5B2D2}.Release|Any CPU.ActiveCfg = Release|Any CPU
		{326B8E3E-2AD8-4C69-BD76-CE96E1B5B2D2}.Release|Any CPU.Build.0 = Release|Any CPU
		{6B0A9C64-50C4-427E-8BA1-C84BABF8CAC7}.Debug|Any CPU.ActiveCfg = Debug|Any CPU
		{6B0A9C64-50C4-427E-8BA1-C84BABF8CAC7}.Debug|Any CPU.Build.0 = Debug|Any CPU
		{6B0A9C64-50C4-427E-8BA1-C84BABF8CAC7}.Release|Any CPU.ActiveCfg = Release|Any CPU
		{6B0A9C64-50C4-427E-8BA1-C84BABF8CAC7}.Release|Any CPU.Build.0 = Release|Any CPU
		{EEA157A1-0BF0-43CB-B878-105F9D688B91}.Debug|Any CPU.ActiveCfg = Debug|Any CPU
		{EEA157A1-0BF0-43CB-B878-105F9D688B91}.Debug|Any CPU.Build.0 = Debug|Any CPU
		{EEA157A1-0BF0-43CB-B878-105F9D688B91}.Debug|Any CPU.Deploy.0 = Debug|Any CPU
		{EEA157A1-0BF0-43CB-B878-105F9D688B91}.Release|Any CPU.ActiveCfg = Release|Any CPU
		{EEA157A1-0BF0-43CB-B878-105F9D688B91}.Release|Any CPU.Build.0 = Release|Any CPU
		{EEA157A1-0BF0-43CB-B878-105F9D688B91}.Release|Any CPU.Deploy.0 = Release|Any CPU
	EndGlobalSection
	GlobalSection(SolutionProperties) = preSolution
		HideSolutionNode = FALSE
	EndGlobalSection
	GlobalSection(ExtensibilityGlobals) = postSolution
		SolutionGuid = {2F03A671-FE63-4D66-9D68-86F98FDFCF2A}
	EndGlobalSection
EndGlobal
